
Microsoft Visual Studio Solution File, Format Version 12.00
# Visual Studio Version 16
VisualStudioVersion = 16.0.30611.23
MinimumVisualStudioVersion = 10.0.40219.1
Project("{8BC9CEB8-8B4A-11D0-8D11-00A0C91BC942}") = "ReversecoreCode", "ReversecoreCode.vcxproj", "{01CBEB4B-8A49-4BF6-B85C-DAFE7739BD2D}"
EndProject
Project("{8BC9CEB8-8B4A-11D0-8D11-00A0C91BC942}") = "21_hookmain", "21_hookmain\21_hookmain.vcxproj", "{9B4E0282-76E8-48C4-826B-9E47AE91E5B0}"
EndProject
Project("{8BC9CEB8-8B4A-11D0-8D11-00A0C91BC942}") = "21_keyhook", "21_keyhook\21_keyhook.vcxproj", "{B2BD477E-1725-4835-96AE-F0452C811B9F}"
EndProject
Project("{8BC9CEB8-8B4A-11D0-8D11-00A0C91BC942}") = "23_myhack", "23_myhack\23_myhack.vcxproj", "{8F4ECC21-AEFF-4C2E-8452-BF64750B24AC}"
EndProject
Project("{8BC9CEB8-8B4A-11D0-8D11-00A0C91BC942}") = "23_InjectDLL", "23_InjectDLL\23_InjectDLL.vcxproj", "{ADE3BDCD-887D-42A4-B0A8-62F80656D4F2}"
EndProject
Project("{8BC9CEB8-8B4A-11D0-8D11-00A0C91BC942}") = "24_EjectDLL", "24_EjectDLL\24_EjectDLL.vcxproj", "{3DF23A3F-B1F2-422A-9FD8-18BB8807C893}"
EndProject
Project("{8BC9CEB8-8B4A-11D0-8D11-00A0C91BC942}") = "25_TextView", "25_TextView\25_TextView.vcxproj", "{0497E6EE-A8FA-43FE-9D1B-E6137E68F960}"
EndProject
Project("{8BC9CEB8-8B4A-11D0-8D11-00A0C91BC942}") = "25_myhack3", "25_myhack3\25_myhack3.vcxproj", "{47FC805F-3973-4691-BDCA-7C90B59A5902}"
EndProject
Project("{8BC9CEB8-8B4A-11D0-8D11-00A0C91BC942}") = "30_hookdbg", "30_hookdbg\30_hookdbg.vcxproj", "{739C7880-6174-4B76-8C09-31BEA9FF9DA9}"
EndProject
Project("{8BC9CEB8-8B4A-11D0-8D11-00A0C91BC942}") = "32_hookiat", "32_hookiat\32_hookiat.vcxproj", "{ACAD0D2F-0783-4D37-8B2C-A6053816BAC2}"
EndProject
Project("{8BC9CEB8-8B4A-11D0-8D11-00A0C91BC942}") = "32_InjectDLL", "32_InjectDLL\32_InjectDLL.vcxproj", "{8B648E26-2164-491C-908C-CBC82632BB71}"
EndProject
Project("{8BC9CEB8-8B4A-11D0-8D11-00A0C91BC942}") = "33_HideProc", "33_HideProc\33_HideProc.vcxproj", "{C590EEB3-6A74-4561-A5B5-78EAE2F388C1}"
EndProject
Project("{8BC9CEB8-8B4A-11D0-8D11-00A0C91BC942}") = "33_stealth", "33_stealth\33_stealth.vcxproj", "{1CF94A14-3FA3-485D-8378-A730C063341C}"
EndProject
Project("{8BC9CEB8-8B4A-11D0-8D11-00A0C91BC942}") = "40_WOW64Test", "40_WOW64Test\40_WOW64Test.vcxproj", "{AA9D19C6-89CF-4861-A39D-DCB0106B9C82}"
EndProject
Project("{8BC9CEB8-8B4A-11D0-8D11-00A0C91BC942}") = "41_ASLR_no", "41_ASLR_no\41_ASLR_no.vcxproj", "{A825D972-C531-4BC9-9A55-7523059DF6F5}"
EndProject
Project("{8BC9CEB8-8B4A-11D0-8D11-00A0C91BC942}") = "41_ASLR", "41_ASLR\41_ASLR.vcxproj", "{1D109775-B050-475F-9DBC-AAB58FB7C156}"
EndProject
Project("{8BC9CEB8-8B4A-11D0-8D11-00A0C91BC942}") = "43_Dummy", "43_Dummy\43_Dummy.vcxproj", "{C07B6BEB-7E7B-431B-8B45-8D17955FA134}"
EndProject
Project("{8BC9CEB8-8B4A-11D0-8D11-00A0C91BC942}") = "45_HelloTls", "45_HelloTls\45_HelloTls.vcxproj", "{524A268E-7269-4881-A18F-495BDA9F0C96}"
EndProject
Project("{8BC9CEB8-8B4A-11D0-8D11-00A0C91BC942}") = "45_TlsTest", "45_TlsTest\45_TlsTest.vcxproj", "{1719227C-96F2-41AB-B3E0-24596895948E}"
EndProject
Project("{8BC9CEB8-8B4A-11D0-8D11-00A0C91BC942}") = "45_Hello", "45_Hello\45_Hello.vcxproj", "{37516B49-ECBC-4569-A2D4-74E0DF8D5C1E}"
EndProject
Project("{8BC9CEB8-8B4A-11D0-8D11-00A0C91BC942}") = "51_StaAD_PEB", "51_StaAD_PEB\51_StaAD_PEB.vcxproj", "{30A31757-5391-46D4-930C-4051A5C568A5}"
EndProject
Project("{8BC9CEB8-8B4A-11D0-8D11-00A0C91BC942}") = "51_StAD_NtQIP", "51_StAD_NtQIP\51_StAD_NtQIP.vcxproj", "{E94AD561-4D2A-4564-90AE-E68D73DAA29A}"
EndProject
Global
	GlobalSection(SolutionConfigurationPlatforms) = preSolution
		Debug|x64 = Debug|x64
		Debug|x86 = Debug|x86
		Release|x64 = Release|x64
		Release|x86 = Release|x86
	EndGlobalSection
	GlobalSection(ProjectConfigurationPlatforms) = postSolution
		{01CBEB4B-8A49-4BF6-B85C-DAFE7739BD2D}.Debug|x64.ActiveCfg = Debug|x64
		{01CBEB4B-8A49-4BF6-B85C-DAFE7739BD2D}.Debug|x64.Build.0 = Debug|x64
		{01CBEB4B-8A49-4BF6-B85C-DAFE7739BD2D}.Debug|x86.ActiveCfg = Debug|Win32
		{01CBEB4B-8A49-4BF6-B85C-DAFE7739BD2D}.Debug|x86.Build.0 = Debug|Win32
		{01CBEB4B-8A49-4BF6-B85C-DAFE7739BD2D}.Release|x64.ActiveCfg = Release|x64
		{01CBEB4B-8A49-4BF6-B85C-DAFE7739BD2D}.Release|x64.Build.0 = Release|x64
		{01CBEB4B-8A49-4BF6-B85C-DAFE7739BD2D}.Release|x86.ActiveCfg = Release|Win32
		{01CBEB4B-8A49-4BF6-B85C-DAFE7739BD2D}.Release|x86.Build.0 = Release|Win32
		{9B4E0282-76E8-48C4-826B-9E47AE91E5B0}.Debug|x64.ActiveCfg = Debug|x64
		{9B4E0282-76E8-48C4-826B-9E47AE91E5B0}.Debug|x64.Build.0 = Debug|x64
		{9B4E0282-76E8-48C4-826B-9E47AE91E5B0}.Debug|x86.ActiveCfg = Debug|Win32
		{9B4E0282-76E8-48C4-826B-9E47AE91E5B0}.Debug|x86.Build.0 = Debug|Win32
		{9B4E0282-76E8-48C4-826B-9E47AE91E5B0}.Release|x64.ActiveCfg = Release|x64
		{9B4E0282-76E8-48C4-826B-9E47AE91E5B0}.Release|x64.Build.0 = Release|x64
		{9B4E0282-76E8-48C4-826B-9E47AE91E5B0}.Release|x86.ActiveCfg = Release|Win32
		{9B4E0282-76E8-48C4-826B-9E47AE91E5B0}.Release|x86.Build.0 = Release|Win32
		{B2BD477E-1725-4835-96AE-F0452C811B9F}.Debug|x64.ActiveCfg = Debug|x64
		{B2BD477E-1725-4835-96AE-F0452C811B9F}.Debug|x64.Build.0 = Debug|x64
		{B2BD477E-1725-4835-96AE-F0452C811B9F}.Debug|x86.ActiveCfg = Debug|Win32
		{B2BD477E-1725-4835-96AE-F0452C811B9F}.Debug|x86.Build.0 = Debug|Win32
		{B2BD477E-1725-4835-96AE-F0452C811B9F}.Release|x64.ActiveCfg = Release|x64
		{B2BD477E-1725-4835-96AE-F0452C811B9F}.Release|x64.Build.0 = Release|x64
		{B2BD477E-1725-4835-96AE-F0452C811B9F}.Release|x86.ActiveCfg = Release|Win32
		{B2BD477E-1725-4835-96AE-F0452C811B9F}.Release|x86.Build.0 = Release|Win32
		{8F4ECC21-AEFF-4C2E-8452-BF64750B24AC}.Debug|x64.ActiveCfg = Debug|x64
		{8F4ECC21-AEFF-4C2E-8452-BF64750B24AC}.Debug|x64.Build.0 = Debug|x64
		{8F4ECC21-AEFF-4C2E-8452-BF64750B24AC}.Debug|x86.ActiveCfg = Debug|Win32
		{8F4ECC21-AEFF-4C2E-8452-BF64750B24AC}.Debug|x86.Build.0 = Debug|Win32
		{8F4ECC21-AEFF-4C2E-8452-BF64750B24AC}.Release|x64.ActiveCfg = Release|x64
		{8F4ECC21-AEFF-4C2E-8452-BF64750B24AC}.Release|x64.Build.0 = Release|x64
		{8F4ECC21-AEFF-4C2E-8452-BF64750B24AC}.Release|x86.ActiveCfg = Release|Win32
		{8F4ECC21-AEFF-4C2E-8452-BF64750B24AC}.Release|x86.Build.0 = Release|Win32
		{ADE3BDCD-887D-42A4-B0A8-62F80656D4F2}.Debug|x64.ActiveCfg = Debug|x64
		{ADE3BDCD-887D-42A4-B0A8-62F80656D4F2}.Debug|x64.Build.0 = Debug|x64
		{ADE3BDCD-887D-42A4-B0A8-62F80656D4F2}.Debug|x86.ActiveCfg = Debug|Win32
		{ADE3BDCD-887D-42A4-B0A8-62F80656D4F2}.Debug|x86.Build.0 = Debug|Win32
		{ADE3BDCD-887D-42A4-B0A8-62F80656D4F2}.Release|x64.ActiveCfg = Release|x64
		{ADE3BDCD-887D-42A4-B0A8-62F80656D4F2}.Release|x64.Build.0 = Release|x64
		{ADE3BDCD-887D-42A4-B0A8-62F80656D4F2}.Release|x86.ActiveCfg = Release|Win32
		{ADE3BDCD-887D-42A4-B0A8-62F80656D4F2}.Release|x86.Build.0 = Release|Win32
		{3DF23A3F-B1F2-422A-9FD8-18BB8807C893}.Debug|x64.ActiveCfg = Debug|x64
		{3DF23A3F-B1F2-422A-9FD8-18BB8807C893}.Debug|x64.Build.0 = Debug|x64
		{3DF23A3F-B1F2-422A-9FD8-18BB8807C893}.Debug|x86.ActiveCfg = Debug|Win32
		{3DF23A3F-B1F2-422A-9FD8-18BB8807C893}.Debug|x86.Build.0 = Debug|Win32
		{3DF23A3F-B1F2-422A-9FD8-18BB8807C893}.Release|x64.ActiveCfg = Release|x64
		{3DF23A3F-B1F2-422A-9FD8-18BB8807C893}.Release|x64.Build.0 = Release|x64
		{3DF23A3F-B1F2-422A-9FD8-18BB8807C893}.Release|x86.ActiveCfg = Release|Win32
		{3DF23A3F-B1F2-422A-9FD8-18BB8807C893}.Release|x86.Build.0 = Release|Win32
		{0497E6EE-A8FA-43FE-9D1B-E6137E68F960}.Debug|x64.ActiveCfg = Debug|x64
		{0497E6EE-A8FA-43FE-9D1B-E6137E68F960}.Debug|x64.Build.0 = Debug|x64
		{0497E6EE-A8FA-43FE-9D1B-E6137E68F960}.Debug|x86.ActiveCfg = Debug|Win32
		{0497E6EE-A8FA-43FE-9D1B-E6137E68F960}.Debug|x86.Build.0 = Debug|Win32
		{0497E6EE-A8FA-43FE-9D1B-E6137E68F960}.Release|x64.ActiveCfg = Release|x64
		{0497E6EE-A8FA-43FE-9D1B-E6137E68F960}.Release|x64.Build.0 = Release|x64
		{0497E6EE-A8FA-43FE-9D1B-E6137E68F960}.Release|x86.ActiveCfg = Release|Win32
		{0497E6EE-A8FA-43FE-9D1B-E6137E68F960}.Release|x86.Build.0 = Release|Win32
		{47FC805F-3973-4691-BDCA-7C90B59A5902}.Debug|x64.ActiveCfg = Debug|x64
		{47FC805F-3973-4691-BDCA-7C90B59A5902}.Debug|x64.Build.0 = Debug|x64
		{47FC805F-3973-4691-BDCA-7C90B59A5902}.Debug|x86.ActiveCfg = Debug|Win32
		{47FC805F-3973-4691-BDCA-7C90B59A5902}.Debug|x86.Build.0 = Debug|Win32
		{47FC805F-3973-4691-BDCA-7C90B59A5902}.Release|x64.ActiveCfg = Release|x64
		{47FC805F-3973-4691-BDCA-7C90B59A5902}.Release|x64.Build.0 = Release|x64
		{47FC805F-3973-4691-BDCA-7C90B59A5902}.Release|x86.ActiveCfg = Release|Win32
		{47FC805F-3973-4691-BDCA-7C90B59A5902}.Release|x86.Build.0 = Release|Win32
		{739C7880-6174-4B76-8C09-31BEA9FF9DA9}.Debug|x64.ActiveCfg = Debug|x64
		{739C7880-6174-4B76-8C09-31BEA9FF9DA9}.Debug|x64.Build.0 = Debug|x64
		{739C7880-6174-4B76-8C09-31BEA9FF9DA9}.Debug|x86.ActiveCfg = Debug|Win32
		{739C7880-6174-4B76-8C09-31BEA9FF9DA9}.Debug|x86.Build.0 = Debug|Win32
		{739C7880-6174-4B76-8C09-31BEA9FF9DA9}.Release|x64.ActiveCfg = Release|x64
		{739C7880-6174-4B76-8C09-31BEA9FF9DA9}.Release|x64.Build.0 = Release|x64
		{739C7880-6174-4B76-8C09-31BEA9FF9DA9}.Release|x86.ActiveCfg = Release|Win32
		{739C7880-6174-4B76-8C09-31BEA9FF9DA9}.Release|x86.Build.0 = Release|Win32
		{ACAD0D2F-0783-4D37-8B2C-A6053816BAC2}.Debug|x64.ActiveCfg = Debug|x64
		{ACAD0D2F-0783-4D37-8B2C-A6053816BAC2}.Debug|x64.Build.0 = Debug|x64
		{ACAD0D2F-0783-4D37-8B2C-A6053816BAC2}.Debug|x86.ActiveCfg = Debug|Win32
		{ACAD0D2F-0783-4D37-8B2C-A6053816BAC2}.Debug|x86.Build.0 = Debug|Win32
		{ACAD0D2F-0783-4D37-8B2C-A6053816BAC2}.Release|x64.ActiveCfg = Release|x64
		{ACAD0D2F-0783-4D37-8B2C-A6053816BAC2}.Release|x64.Build.0 = Release|x64
		{ACAD0D2F-0783-4D37-8B2C-A6053816BAC2}.Release|x86.ActiveCfg = Release|Win32
		{ACAD0D2F-0783-4D37-8B2C-A6053816BAC2}.Release|x86.Build.0 = Release|Win32
		{8B648E26-2164-491C-908C-CBC82632BB71}.Debug|x64.ActiveCfg = Debug|x64
		{8B648E26-2164-491C-908C-CBC82632BB71}.Debug|x64.Build.0 = Debug|x64
		{8B648E26-2164-491C-908C-CBC82632BB71}.Debug|x86.ActiveCfg = Debug|Win32
		{8B648E26-2164-491C-908C-CBC82632BB71}.Debug|x86.Build.0 = Debug|Win32
		{8B648E26-2164-491C-908C-CBC82632BB71}.Release|x64.ActiveCfg = Release|x64
		{8B648E26-2164-491C-908C-CBC82632BB71}.Release|x64.Build.0 = Release|x64
		{8B648E26-2164-491C-908C-CBC82632BB71}.Release|x86.ActiveCfg = Release|Win32
		{8B648E26-2164-491C-908C-CBC82632BB71}.Release|x86.Build.0 = Release|Win32
		{C590EEB3-6A74-4561-A5B5-78EAE2F388C1}.Debug|x64.ActiveCfg = Debug|x64
		{C590EEB3-6A74-4561-A5B5-78EAE2F388C1}.Debug|x64.Build.0 = Debug|x64
		{C590EEB3-6A74-4561-A5B5-78EAE2F388C1}.Debug|x86.ActiveCfg = Debug|Win32
		{C590EEB3-6A74-4561-A5B5-78EAE2F388C1}.Debug|x86.Build.0 = Debug|Win32
		{C590EEB3-6A74-4561-A5B5-78EAE2F388C1}.Release|x64.ActiveCfg = Release|x64
		{C590EEB3-6A74-4561-A5B5-78EAE2F388C1}.Release|x64.Build.0 = Release|x64
		{C590EEB3-6A74-4561-A5B5-78EAE2F388C1}.Release|x86.ActiveCfg = Release|Win32
		{C590EEB3-6A74-4561-A5B5-78EAE2F388C1}.Release|x86.Build.0 = Release|Win32
		{1CF94A14-3FA3-485D-8378-A730C063341C}.Debug|x64.ActiveCfg = Debug|x64
		{1CF94A14-3FA3-485D-8378-A730C063341C}.Debug|x64.Build.0 = Debug|x64
		{1CF94A14-3FA3-485D-8378-A730C063341C}.Debug|x86.ActiveCfg = Debug|Win32
		{1CF94A14-3FA3-485D-8378-A730C063341C}.Debug|x86.Build.0 = Debug|Win32
		{1CF94A14-3FA3-485D-8378-A730C063341C}.Release|x64.ActiveCfg = Release|x64
		{1CF94A14-3FA3-485D-8378-A730C063341C}.Release|x64.Build.0 = Release|x64
		{1CF94A14-3FA3-485D-8378-A730C063341C}.Release|x86.ActiveCfg = Release|Win32
		{1CF94A14-3FA3-485D-8378-A730C063341C}.Release|x86.Build.0 = Release|Win32
		{AA9D19C6-89CF-4861-A39D-DCB0106B9C82}.Debug|x64.ActiveCfg = Debug|x64
		{AA9D19C6-89CF-4861-A39D-DCB0106B9C82}.Debug|x64.Build.0 = Debug|x64
		{AA9D19C6-89CF-4861-A39D-DCB0106B9C82}.Debug|x86.ActiveCfg = Debug|Win32
		{AA9D19C6-89CF-4861-A39D-DCB0106B9C82}.Debug|x86.Build.0 = Debug|Win32
		{AA9D19C6-89CF-4861-A39D-DCB0106B9C82}.Release|x64.ActiveCfg = Release|x64
		{AA9D19C6-89CF-4861-A39D-DCB0106B9C82}.Release|x64.Build.0 = Release|x64
		{AA9D19C6-89CF-4861-A39D-DCB0106B9C82}.Release|x86.ActiveCfg = Release|Win32
		{AA9D19C6-89CF-4861-A39D-DCB0106B9C82}.Release|x86.Build.0 = Release|Win32
		{A825D972-C531-4BC9-9A55-7523059DF6F5}.Debug|x64.ActiveCfg = Debug|x64
		{A825D972-C531-4BC9-9A55-7523059DF6F5}.Debug|x64.Build.0 = Debug|x64
		{A825D972-C531-4BC9-9A55-7523059DF6F5}.Debug|x86.ActiveCfg = Debug|Win32
		{A825D972-C531-4BC9-9A55-7523059DF6F5}.Debug|x86.Build.0 = Debug|Win32
		{A825D972-C531-4BC9-9A55-7523059DF6F5}.Release|x64.ActiveCfg = Release|x64
		{A825D972-C531-4BC9-9A55-7523059DF6F5}.Release|x64.Build.0 = Release|x64
		{A825D972-C531-4BC9-9A55-7523059DF6F5}.Release|x86.ActiveCfg = Release|Win32
		{A825D972-C531-4BC9-9A55-7523059DF6F5}.Release|x86.Build.0 = Release|Win32
		{1D109775-B050-475F-9DBC-AAB58FB7C156}.Debug|x64.ActiveCfg = Debug|x64
		{1D109775-B050-475F-9DBC-AAB58FB7C156}.Debug|x64.Build.0 = Debug|x64
		{1D109775-B050-475F-9DBC-AAB58FB7C156}.Debug|x86.ActiveCfg = Debug|Win32
		{1D109775-B050-475F-9DBC-AAB58FB7C156}.Debug|x86.Build.0 = Debug|Win32
		{1D109775-B050-475F-9DBC-AAB58FB7C156}.Release|x64.ActiveCfg = Release|x64
		{1D109775-B050-475F-9DBC-AAB58FB7C156}.Release|x64.Build.0 = Release|x64
		{1D109775-B050-475F-9DBC-AAB58FB7C156}.Release|x86.ActiveCfg = Release|Win32
		{1D109775-B050-475F-9DBC-AAB58FB7C156}.Release|x86.Build.0 = Release|Win32
		{C07B6BEB-7E7B-431B-8B45-8D17955FA134}.Debug|x64.ActiveCfg = Debug|x64
		{C07B6BEB-7E7B-431B-8B45-8D17955FA134}.Debug|x64.Build.0 = Debug|x64
		{C07B6BEB-7E7B-431B-8B45-8D17955FA134}.Debug|x86.ActiveCfg = Debug|Win32
		{C07B6BEB-7E7B-431B-8B45-8D17955FA134}.Debug|x86.Build.0 = Debug|Win32
		{C07B6BEB-7E7B-431B-8B45-8D17955FA134}.Release|x64.ActiveCfg = Release|x64
		{C07B6BEB-7E7B-431B-8B45-8D17955FA134}.Release|x64.Build.0 = Release|x64
		{C07B6BEB-7E7B-431B-8B45-8D17955FA134}.Release|x86.ActiveCfg = Release|Win32
		{C07B6BEB-7E7B-431B-8B45-8D17955FA134}.Release|x86.Build.0 = Release|Win32
		{524A268E-7269-4881-A18F-495BDA9F0C96}.Debug|x64.ActiveCfg = Debug|x64
		{524A268E-7269-4881-A18F-495BDA9F0C96}.Debug|x64.Build.0 = Debug|x64
		{524A268E-7269-4881-A18F-495BDA9F0C96}.Debug|x86.ActiveCfg = Debug|Win32
		{524A268E-7269-4881-A18F-495BDA9F0C96}.Debug|x86.Build.0 = Debug|Win32
		{524A268E-7269-4881-A18F-495BDA9F0C96}.Release|x64.ActiveCfg = Release|x64
		{524A268E-7269-4881-A18F-495BDA9F0C96}.Release|x64.Build.0 = Release|x64
		{524A268E-7269-4881-A18F-495BDA9F0C96}.Release|x86.ActiveCfg = Release|Win32
		{524A268E-7269-4881-A18F-495BDA9F0C96}.Release|x86.Build.0 = Release|Win32
		{1719227C-96F2-41AB-B3E0-24596895948E}.Debug|x64.ActiveCfg = Debug|x64
		{1719227C-96F2-41AB-B3E0-24596895948E}.Debug|x64.Build.0 = Debug|x64
		{1719227C-96F2-41AB-B3E0-24596895948E}.Debug|x86.ActiveCfg = Debug|Win32
		{1719227C-96F2-41AB-B3E0-24596895948E}.Debug|x86.Build.0 = Debug|Win32
		{1719227C-96F2-41AB-B3E0-24596895948E}.Release|x64.ActiveCfg = Release|x64
		{1719227C-96F2-41AB-B3E0-24596895948E}.Release|x64.Build.0 = Release|x64
		{1719227C-96F2-41AB-B3E0-24596895948E}.Release|x86.ActiveCfg = Release|Win32
		{1719227C-96F2-41AB-B3E0-24596895948E}.Release|x86.Build.0 = Release|Win32
		{37516B49-ECBC-4569-A2D4-74E0DF8D5C1E}.Debug|x64.ActiveCfg = Debug|x64
		{37516B49-ECBC-4569-A2D4-74E0DF8D5C1E}.Debug|x64.Build.0 = Debug|x64
		{37516B49-ECBC-4569-A2D4-74E0DF8D5C1E}.Debug|x86.ActiveCfg = Debug|Win32
		{37516B49-ECBC-4569-A2D4-74E0DF8D5C1E}.Debug|x86.Build.0 = Debug|Win32
		{37516B49-ECBC-4569-A2D4-74E0DF8D5C1E}.Release|x64.ActiveCfg = Release|x64
		{37516B49-ECBC-4569-A2D4-74E0DF8D5C1E}.Release|x64.Build.0 = Release|x64
		{37516B49-ECBC-4569-A2D4-74E0DF8D5C1E}.Release|x86.ActiveCfg = Release|Win32
		{37516B49-ECBC-4569-A2D4-74E0DF8D5C1E}.Release|x86.Build.0 = Release|Win32
		{30A31757-5391-46D4-930C-4051A5C568A5}.Debug|x64.ActiveCfg = Debug|x64
		{30A31757-5391-46D4-930C-4051A5C568A5}.Debug|x64.Build.0 = Debug|x64
		{30A31757-5391-46D4-930C-4051A5C568A5}.Debug|x86.ActiveCfg = Debug|Win32
		{30A31757-5391-46D4-930C-4051A5C568A5}.Debug|x86.Build.0 = Debug|Win32
		{30A31757-5391-46D4-930C-4051A5C568A5}.Release|x64.ActiveCfg = Release|x64
		{30A31757-5391-46D4-930C-4051A5C568A5}.Release|x64.Build.0 = Release|x64
		{30A31757-5391-46D4-930C-4051A5C568A5}.Release|x86.ActiveCfg = Release|Win32
		{30A31757-5391-46D4-930C-4051A5C568A5}.Release|x86.Build.0 = Release|Win32
		{E94AD561-4D2A-4564-90AE-E68D73DAA29A}.Debug|x64.ActiveCfg = Debug|x64
		{E94AD561-4D2A-4564-90AE-E68D73DAA29A}.Debug|x64.Build.0 = Debug|x64
		{E94AD561-4D2A-4564-90AE-E68D73DAA29A}.Debug|x86.ActiveCfg = Debug|Win32
		{E94AD561-4D2A-4564-90AE-E68D73DAA29A}.Debug|x86.Build.0 = Debug|Win32
		{E94AD561-4D2A-4564-90AE-E68D73DAA29A}.Release|x64.ActiveCfg = Release|x64
		{E94AD561-4D2A-4564-90AE-E68D73DAA29A}.Release|x64.Build.0 = Release|x64
		{E94AD561-4D2A-4564-90AE-E68D73DAA29A}.Release|x86.ActiveCfg = Release|Win32
		{E94AD561-4D2A-4564-90AE-E68D73DAA29A}.Release|x86.Build.0 = Release|Win32
	EndGlobalSection
	GlobalSection(SolutionProperties) = preSolution
		HideSolutionNode = FALSE
	EndGlobalSection
	GlobalSection(ExtensibilityGlobals) = postSolution
		SolutionGuid = {82F58DBA-2879-4952-9256-38635881CCCF}
	EndGlobalSection
EndGlobal
